
Microsoft Visual Studio Solution File, Format Version 12.00
# Visual Studio Version 17
VisualStudioVersion = 17.4.33103.184
MinimumVisualStudioVersion = 10.0.40219.1
Project("{FAE04EC0-301F-11D3-BF4B-00C04F79EFBC}") = "BlogApi", "BlogApi\BlogApi.csproj", "{C9E06D28-0D55-4F36-B91B-68CE70B15576}"
EndProject
Project("{FAE04EC0-301F-11D3-BF4B-00C04F79EFBC}") = "Data", "..\Data\Data.csproj", "{2B4475BC-1DAA-4FAC-BD93-E3C7C4417965}"
EndProject
Project("{FAE04EC0-301F-11D3-BF4B-00C04F79EFBC}") = "Core", "..\Core\Core.csproj", "{6BC007B6-E334-469A-A643-B0953DCAC7C2}"
EndProject
Global
	GlobalSection(SolutionConfigurationPlatforms) = preSolution
		Debug|Any CPU = Debug|Any CPU
		Release|Any CPU = Release|Any CPU
	EndGlobalSection
	GlobalSection(ProjectConfigurationPlatforms) = postSolution
		{C9E06D28-0D55-4F36-B91B-68CE70B15576}.Debug|Any CPU.ActiveCfg = Debug|Any CPU
		{C9E06D28-0D55-4F36-B91B-68CE70B15576}.Debug|Any CPU.Build.0 = Debug|Any CPU
		{C9E06D28-0D55-4F36-B91B-68CE70B15576}.Release|Any CPU.ActiveCfg = Release|Any CPU
		{C9E06D28-0D55-4F36-B91B-68CE70B15576}.Release|Any CPU.Build.0 = Release|Any CPU
		{2B4475BC-1DAA-4FAC-BD93-E3C7C4417965}.Debug|Any CPU.ActiveCfg = Debug|Any CPU
		{2B4475BC-1DAA-4FAC-BD93-E3C7C4417965}.Debug|Any CPU.Build.0 = Debug|Any CPU
		{2B4475BC-1DAA-4FAC-BD93-E3C7C4417965}.Release|Any CPU.ActiveCfg = Release|Any CPU
		{2B4475BC-1DAA-4FAC-BD93-E3C7C4417965}.Release|Any CPU.Build.0 = Release|Any CPU
		{6BC007B6-E334-469A-A643-B0953DCAC7C2}.Debug|Any CPU.ActiveCfg = Debug|Any CPU
		{6BC007B6-E334-469A-A643-B0953DCAC7C2}.Debug|Any CPU.Build.0 = Debug|Any CPU
		{6BC007B6-E334-469A-A643-B0953DCAC7C2}.Release|Any CPU.ActiveCfg = Release|Any CPU
		{6BC007B6-E334-469A-A643-B0953DCAC7C2}.Release|Any CPU.Build.0 = Release|Any CPU
	EndGlobalSection
	GlobalSection(SolutionProperties) = preSolution
		HideSolutionNode = FALSE
	EndGlobalSection
	GlobalSection(ExtensibilityGlobals) = postSolution
		SolutionGuid = {40A66E90-D8AD-487A-B4FF-2DA1D59743F4}
	EndGlobalSection
EndGlobal
